
Microsoft Visual Studio Solution File, Format Version 12.00
# Visual Studio 15
VisualStudioVersion = 15.0.27130.2026
MinimumVisualStudioVersion = 10.0.40219.1
Project("{FAE04EC0-301F-11D3-BF4B-00C04F79EFBC}") = "fsdjkl", "fsdjkl\fsdjkl.csproj", "{BEF9B505-8752-4479-9369-A46248B29D94}"
EndProject
Global
	GlobalSection(SolutionConfigurationPlatforms) = preSolution
		Debug|Any CPU = Debug|Any CPU
		Release|Any CPU = Release|Any CPU
	EndGlobalSection
	GlobalSection(ProjectConfigurationPlatforms) = postSolution
		{BEF9B505-8752-4479-9369-A46248B29D94}.Debug|Any CPU.ActiveCfg = Debug|Any CPU
		{BEF9B505-8752-4479-9369-A46248B29D94}.Debug|Any CPU.Build.0 = Debug|Any CPU
		{BEF9B505-8752-4479-9369-A46248B29D94}.Release|Any CPU.ActiveCfg = Release|Any CPU
		{BEF9B505-8752-4479-9369-A46248B29D94}.Release|Any CPU.Build.0 = Release|Any CPU
	EndGlobalSection
	GlobalSection(SolutionProperties) = preSolution
		HideSolutionNode = FALSE
	EndGlobalSection
	GlobalSection(ExtensibilityGlobals) = postSolution
		SolutionGuid = {5B78AE06-30C8-4A02-B00E-0DEFCE0AED7D}
	EndGlobalSection
EndGlobal
